
Microsoft Visual Studio Solution File, Format Version 12.00
# Visual Studio Version 16
VisualStudioVersion = 16.0.31402.337
MinimumVisualStudioVersion = 10.0.40219.1
Project("{FAE04EC0-301F-11D3-BF4B-00C04F79EFBC}") = "DuskHaxx", "DuskHaxx.csproj", "{F2948BC6-7038-4732-BCE0-2B556B636DE1}"
EndProject
Global
	GlobalSection(SolutionConfigurationPlatforms) = preSolution
		Debug|Any CPU = Debug|Any CPU
		Debug|Test = Debug|Test
		Release|Any CPU = Release|Any CPU
		Release|Test = Release|Test
	EndGlobalSection
	GlobalSection(ProjectConfigurationPlatforms) = postSolution
		{F2948BC6-7038-4732-BCE0-2B556B636DE1}.Debug|Any CPU.ActiveCfg = Debug|x86
		{F2948BC6-7038-4732-BCE0-2B556B636DE1}.Debug|Any CPU.Build.0 = Debug|x86
		{F2948BC6-7038-4732-BCE0-2B556B636DE1}.Debug|Test.ActiveCfg = Debug|x86
		{F2948BC6-7038-4732-BCE0-2B556B636DE1}.Debug|Test.Build.0 = Debug|x86
		{F2948BC6-7038-4732-BCE0-2B556B636DE1}.Release|Any CPU.ActiveCfg = Release|x86
		{F2948BC6-7038-4732-BCE0-2B556B636DE1}.Release|Any CPU.Build.0 = Release|x86
		{F2948BC6-7038-4732-BCE0-2B556B636DE1}.Release|Test.ActiveCfg = Release|x86
		{F2948BC6-7038-4732-BCE0-2B556B636DE1}.Release|Test.Build.0 = Release|x86
	EndGlobalSection
	GlobalSection(SolutionProperties) = preSolution
		HideSolutionNode = FALSE
	EndGlobalSection
	GlobalSection(ExtensibilityGlobals) = postSolution
		SolutionGuid = {44C7194C-CE26-43A1-B844-2A04BB3E9D3D}
	EndGlobalSection
EndGlobal
